[[package]]
name = "anyio"
version = "3.6.1"
requires_python = ">=3.6.2"
summary = "High level compatibility layer for multiple asynchronous event loop implementations"
dependencies = [
    "idna>=2.8",
    "sniffio>=1.1",
]

[[package]]
name = "certifi"
version = "2022.6.15"
requires_python = ">=3.6"
summary = "Python package for providing Mozilla's CA Bundle."

[[package]]
name = "charset-normalizer"
version = "2.1.0"
requires_python = ">=3.6.0"
summary = "The Real First Universal Charset Detector. Open, modern and actively maintained alternative to Chardet."

[[package]]
name = "click"
version = "8.1.3"
requires_python = ">=3.7"
summary = "Composable command line interface toolkit"
dependencies = [
    "colorama; platform_system == \"Windows\"",
]

[[package]]
name = "colorama"
version = "0.4.5"
requires_python = ">=2.7, !=3.0.*, !=3.1.*, !=3.2.*, !=3.3.*, !=3.4.*"
summary = "Cross-platform colored terminal text."

[[package]]
name = "fastapi"
version = "0.79.0"
requires_python = ">=3.6.1"
summary = "FastAPI framework, high performance, easy to learn, fast to code, ready for production"
dependencies = [
    "pydantic!=1.7,!=1.7.1,!=1.7.2,!=1.7.3,!=1.8,!=1.8.1,<2.0.0,>=1.6.2",
    "starlette==0.19.1",
]

[[package]]
name = "h11"
version = "0.13.0"
requires_python = ">=3.6"
summary = "A pure-Python, bring-your-own-I/O implementation of HTTP/1.1"

[[package]]
name = "idna"
version = "3.3"
requires_python = ">=3.5"
summary = "Internationalized Domain Names in Applications (IDNA)"

[[package]]
name = "pydantic"
version = "1.9.1"
requires_python = ">=3.6.1"
summary = "Data validation and settings management using python type hints"
dependencies = [
    "typing-extensions>=3.7.4.3",
]

[[package]]
name = "requests"
version = "2.28.1"
requires_python = ">=3.7, <4"
summary = "Python HTTP for Humans."
dependencies = [
    "certifi>=2017.4.17",
    "charset-normalizer<3,>=2",
    "idna<4,>=2.5",
    "urllib3<1.27,>=1.21.1",
]

[[package]]
name = "sniffio"
version = "1.2.0"
requires_python = ">=3.5"
summary = "Sniff out which async library your code is running under"

[[package]]
name = "starlette"
version = "0.19.1"
requires_python = ">=3.6"
summary = "The little ASGI library that shines."
dependencies = [
    "anyio<5,>=3.4.0",
    "typing-extensions>=3.10.0; python_version < \"3.10\"",
]

[[package]]
name = "typing-extensions"
version = "4.3.0"
requires_python = ">=3.7"
summary = "Backported and Experimental Type Hints for Python 3.7+"

[[package]]
name = "urllib3"
version = "1.26.11"
requires_python = ">=2.7, !=3.0.*, !=3.1.*, !=3.2.*, !=3.3.*, !=3.4.*, !=3.5.*, <4"
summary = "HTTP library with thread-safe connection pooling, file post, and more."

[[package]]
name = "uvicorn"
version = "0.18.2"
requires_python = ">=3.7"
summary = "The lightning-fast ASGI server."
dependencies = [
    "click>=7.0",
    "h11>=0.8",
]

[metadata]
lock_version = "4.0"
content_hash = "sha256:dcb08412b83de5957ff94288051e078201d730f493aba3d5415cc64af0de93db"

[metadata.files]
"anyio 3.6.1" = [
    {url = "https://files.pythonhosted.org/packages/67/c4/fd50bbb2fb72532a4b778562e28ba581da15067cfb2537dbd3a2e64689c1/anyio-3.6.1.tar.gz", hash = "sha256:413adf95f93886e442aea925f3ee43baa5a765a64a0f52c6081894f9992fdd0b"},
    {url = "https://files.pythonhosted.org/packages/c3/22/4cba7e1b4f45ffbefd2ca817a6800ba1c671c26f288d7705f20289872012/anyio-3.6.1-py3-none-any.whl", hash = "sha256:cb29b9c70620506a9a8f87a309591713446953302d7d995344d0d7c6c0c9a7be"},
]
"certifi 2022.6.15" = [
    {url = "https://files.pythonhosted.org/packages/cc/85/319a8a684e8ac6d87a1193090e06b6bbb302717496380e225ee10487c888/certifi-2022.6.15.tar.gz", hash = "sha256:84c85a9078b11105f04f3036a9482ae10e4621616db313fe045dd24743a0820d"},
    {url = "https://files.pythonhosted.org/packages/e9/06/d3d367b7af6305b16f0d28ae2aaeb86154fa91f144f036c2d5002a5a202b/certifi-2022.6.15-py3-none-any.whl", hash = "sha256:fe86415d55e84719d75f8b69414f6438ac3547d2078ab91b67e779ef69378412"},
]
"charset-normalizer 2.1.0" = [
    {url = "https://files.pythonhosted.org/packages/93/1d/d9392056df6670ae2a29fcb04cfa5cee9f6fbde7311a1bb511d4115e9b7a/charset-normalizer-2.1.0.tar.gz", hash = "sha256:575e708016ff3a5e3681541cb9d79312c416835686d054a23accb873b254f413"},
    {url = "https://files.pythonhosted.org/packages/94/69/64b11e8c2fb21f08634468caef885112e682b0ebe2908e74d3616eb1c113/charset_normalizer-2.1.0-py3-none-any.whl", hash = "sha256:5189b6f22b01957427f35b6a08d9a0bc45b46d3788ef5a92e978433c7a35f8a5"},
]
"click 8.1.3" = [
    {url = "https://files.pythonhosted.org/packages/59/87/84326af34517fca8c58418d148f2403df25303e02736832403587318e9e8/click-8.1.3.tar.gz", hash = "sha256:7682dc8afb30297001674575ea00d1814d808d6a36af415a82bd481d37ba7b8e"},
    {url = "https://files.pythonhosted.org/packages/c2/f1/df59e28c642d583f7dacffb1e0965d0e00b218e0186d7858ac5233dce840/click-8.1.3-py3-none-any.whl", hash = "sha256:bb4d8133cb15a609f44e8213d9b391b0809795062913b383c62be0ee95b1db48"},
]
"colorama 0.4.5" = [
    {url = "https://files.pythonhosted.org/packages/2b/65/24d033a9325ce42ccbfa3ca2d0866c7e89cc68e5b9d92ecaba9feef631df/colorama-0.4.5.tar.gz", hash = "sha256:e6c6b4334fc50988a639d9b98aa429a0b57da6e17b9a44f0451f930b6967b7a4"},
    {url = "https://files.pythonhosted.org/packages/77/8b/7550e87b2d308a1b711725dfaddc19c695f8c5fa413c640b2be01662f4e6/colorama-0.4.5-py2.py3-none-any.whl", hash = "sha256:854bf444933e37f5824ae7bfc1e98d5bce2ebe4160d46b5edf346a89358e99da"},
]
"fastapi 0.79.0" = [
    {url = "https://files.pythonhosted.org/packages/a4/6b/c30654706a6a226e0e640149a893bd75c926097ac4adce6eeb288a133e16/fastapi-0.79.0-py3-none-any.whl", hash = "sha256:d337563424ceada23857f73d5abe8dae0c28e4cccb53b2af06e78b7bb4a1c7d7"},
    {url = "https://files.pythonhosted.org/packages/ae/ed/ea37410618f1c206ba857d391d7b2de6de7a758ea586662aef77c945d3b4/fastapi-0.79.0.tar.gz", hash = "sha256:cf0ff6db25b91d321050c4112baab0908c90f19b40bf257f9591d2f9780d1f22"},
]
"h11 0.13.0" = [
    {url = "https://files.pythonhosted.org/packages/19/d2/32a15a4955be1b8114a1c570999eefd31279c7f9aa2d2a43d492a79b53c5/h11-0.13.0-py3-none-any.whl", hash = "sha256:8ddd78563b633ca55346c8cd41ec0af27d3c79931828beffb46ce70a379e7442"},
    {url = "https://files.pythonhosted.org/packages/fa/a6/450568b2d62dd633be53f69890332bb0ce78183ffbe1e514c2b3102efff5/h11-0.13.0.tar.gz", hash = "sha256:70813c1135087a248a4d38cc0e1a0181ffab2188141a93eaf567940c3957ff06"},
]
"idna 3.3" = [
    {url = "https://files.pythonhosted.org/packages/04/a2/d918dcd22354d8958fe113e1a3630137e0fc8b44859ade3063982eacd2a4/idna-3.3-py3-none-any.whl", hash = "sha256:84d9dd047ffa80596e0f246e2eab0b391788b0503584e8945f2368256d2735ff"},
    {url = "https://files.pythonhosted.org/packages/62/08/e3fc7c8161090f742f504f40b1bccbfc544d4a4e09eb774bf40aafce5436/idna-3.3.tar.gz", hash = "sha256:9d643ff0a55b762d5cdb124b8eaa99c66322e2157b69160bc32796e824360e6d"},
]
"pydantic 1.9.1" = [
    {url = "https://files.pythonhosted.org/packages/09/ca/44704f9ed827019f15ed17bd61be8217efe0d224609980c12b961bfcefdc/pydantic-1.9.1-cp39-cp39-win_amd64.whl", hash = "sha256:61b6760b08b7c395975d893e0b814a11cf011ebb24f7d869e7118f5a339a82e1"},
    {url = "https://files.pythonhosted.org/packages/13/77/22ba810e9f2a39fd73934e06a470e46155c382ebfcc0bd4c8db5ba306f73/pydantic-1.9.1-cp36-cp36m-musllinux_1_1_x86_64.whl", hash = "sha256:ae72f8098acb368d877b210ebe02ba12585e77bd0db78ac04a1ee9b9f5dd2166"},
    {url = "https://files.pythonhosted.org/packages/21/b2/0067e1ea3d0d7fcbd76e9fb58bd4aa2dd194ab23c251984a1a722bbf1dd0/pydantic-1.9.1-cp37-cp37m-win_amd64.whl", hash = "sha256:a955260d47f03df08acf45689bd163ed9df82c0e0124beb4251b1290fa7ae728"},
    {url = "https://files.pythonhosted.org/packages/2e/6b/7ae3031fc86b974296ef3a91221aec46fdf66a8dd6ba1d300151a812c5b3/pydantic-1.9.1-cp39-cp39-musllinux_1_1_x86_64.whl", hash = "sha256:72ccb318bf0c9ab97fc04c10c37683d9eea952ed526707fabf9ac5ae59b701fd"},
    {url = "https://files.pythonhosted.org/packages/32/c8/b1713db51b80c9b29611c3e62710e5f9eb6c6df2a875c9500f59ad1fcd48/pydantic-1.9.1-cp36-cp36m-musllinux_1_1_i686.whl", hash = "sha256:d12f96b5b64bec3f43c8e82b4aab7599d0157f11c798c9f9c528a72b9e0b339a"},
    {url = "https://files.pythonhosted.org/packages/5d/1a/d9fc0d8c6decab0822aabf30d9c8aeb61df08c7119f5e52825abd865425e/pydantic-1.9.1-cp36-cp36m-manylinux_2_17_x86_64.manylinux2014_x86_64.whl", hash = "sha256:985ceb5d0a86fcaa61e45781e567a59baa0da292d5ed2e490d612d0de5796918"},
    {url = "https://files.pythonhosted.org/packages/5f/76/11635fe2d808c0062f4f23a6ac6453e6110d3446fb196e3b6dfc1d15f979/pydantic-1.9.1-cp39-cp39-manylinux_2_17_x86_64.manylinux2014_x86_64.whl", hash = "sha256:02eefd7087268b711a3ff4db528e9916ac9aa18616da7bca69c1871d0b7a091f"},
    {url = "https://files.pythonhosted.org/packages/68/17/1828a267f999077fba10b24076e027df79cc2c5ede8e0a91a7cbf43428d8/pydantic-1.9.1-cp310-cp310-win_amd64.whl", hash = "sha256:a4a88dcd6ff8fd47c18b3a3709a89adb39a6373f4482e04c1b765045c7e282fd"},
    {url = "https://files.pythonhosted.org/packages/71/54/de851f0ab24e6044be1df7186ba000defefe36945f10b86f70f6b4300284/pydantic-1.9.1-cp37-cp37m-macosx_10_9_x86_64.whl", hash = "sha256:494f7c8537f0c02b740c229af4cb47c0d39840b829ecdcfc93d91dcbb0779892"},
    {url = "https://files.pythonhosted.org/packages/71/ea/1169909a5d70085aea49a9d4995636498d0df0e9a06f71b747eb4a104aa2/pydantic-1.9.1-cp310-cp310-musllinux_1_1_x86_64.whl", hash = "sha256:e565a785233c2d03724c4dc55464559639b1ba9ecf091288dd47ad9c629433bd"},
    {url = "https://files.pythonhosted.org/packages/80/30/553e846151cd7dbd2405fb128272c6cea5ea3e42f9538e2962838dcf755b/pydantic-1.9.1-cp37-cp37m-musllinux_1_1_x86_64.whl", hash = "sha256:9bcf8b6e011be08fb729d110f3e22e654a50f8a826b0575c7196616780683380"},
    {url = "https://files.pythonhosted.org/packages/81/48/b3c8cb4eb7106b612bbfc263d557b75e27d2720a0cf2c442ea67950d6d43/pydantic-1.9.1-cp39-cp39-musllinux_1_1_i686.whl", hash = "sha256:4ce9ae9e91f46c344bec3b03d6ee9612802682c1551aaf627ad24045ce090761"},
    {url = "https://files.pythonhosted.org/packages/8e/d8/56552e89a644b77e51fd8c2c6cc4982ec83b5f6221c10c00bf1406255fec/pydantic-1.9.1-cp38-cp38-musllinux_1_1_i686.whl", hash = "sha256:a9af62e9b5b9bc67b2a195ebc2c2662fdf498a822d62f902bf27cccb52dbbf49"},
    {url = "https://files.pythonhosted.org/packages/97/7b/229158bcd271f02ec2e92c6740ce47236797fcef2d36cbe949c0ea9f3a68/pydantic-1.9.1-cp38-cp38-macosx_10_9_x86_64.whl", hash = "sha256:9ce157d979f742a915b75f792dbd6aa63b8eccaf46a1005ba03aa8a986bde34a"},
    {url = "https://files.pythonhosted.org/packages/9a/a2/585b1a747b7bbb22392fe9c875b8adfaaee9a7be506fbb66a749157f9099/pydantic-1.9.1-cp39-cp39-macosx_10_9_x86_64.whl", hash = "sha256:b83ba3825bc91dfa989d4eed76865e71aea3a6ca1388b59fc801ee04c4d8d0d6"},
    {url = "https://files.pythonhosted.org/packages/a2/b1/99dd40e020d05ffa3a69ff980d26fd4db36889a379c0084329b7c7e5568b/pydantic-1.9.1-cp38-cp38-win_amd64.whl", hash = "sha256:9f659a5ee95c8baa2436d392267988fd0f43eb774e5eb8739252e5a7e9cf07e0"},
    {url = "https://files.pythonhosted.org/packages/a4/0c/fbaa7319dcb5eecd3484686eb5a5c5702a6445adb566f01aee6de3369bc4/pydantic-1.9.1-cp310-cp310-manylinux_2_17_x86_64.manylinux2014_x86_64.whl", hash = "sha256:18f3e912f9ad1bdec27fb06b8198a2ccc32f201e24174cec1b3424dda605a310"},
    {url = "https://files.pythonhosted.org/packages/a5/2a/59787a33253375a1d4eea75a65b0008feb01027a4de6c0c097f513cee793/pydantic-1.9.1-cp36-cp36m-macosx_10_9_x86_64.whl", hash = "sha256:447d5521575f18e18240906beadc58551e97ec98142266e521c34968c76c8761"},
    {url = "https://files.pythonhosted.org/packages/b1/34/5281371fbca70a089c9afcff8f0223f8d9da982efe0802fac36e39debdff/pydantic-1.9.1-cp310-cp310-musllinux_1_1_i686.whl", hash = "sha256:8bc541a405423ce0e51c19f637050acdbdf8feca34150e0d17f675e72d119580"},
    {url = "https://files.pythonhosted.org/packages/b4/73/4fa4e18868aa0e68782a8a3b37c9e08dcc3453e122a191d077910f41fa8c/pydantic-1.9.1-cp310-cp310-macosx_11_0_arm64.whl", hash = "sha256:c320c64dd876e45254bdd350f0179da737463eea41c43bacbee9d8c9d1021f11"},
    {url = "https://files.pythonhosted.org/packages/b9/01/fad5d5a724780873e0fac2b1ca9365636179921fc371ac6a7ec6b9706d8e/pydantic-1.9.1-cp37-cp37m-manylinux_2_5_i686.manylinux1_i686.manylinux_2_17_i686.manylinux2014_i686.whl", hash = "sha256:969dd06110cb780da01336b281f53e2e7eb3a482831df441fb65dd30403f4608"},
    {url = "https://files.pythonhosted.org/packages/be/11/a929057bf8742a6362e216e10f6d9caf44bae146a87321b9a18278b6b7d4/pydantic-1.9.1-cp310-cp310-macosx_10_9_x86_64.whl", hash = "sha256:c8098a724c2784bf03e8070993f6d46aa2eeca031f8d8a048dff277703e6e193"},
    {url = "https://files.pythonhosted.org/packages/c1/3b/e3f31676b694ab293ba4b7c5a3146fa8ec72c7a4d71c69a883aad1210517/pydantic-1.9.1-cp38-cp38-macosx_11_0_arm64.whl", hash = "sha256:0bf07cab5b279859c253d26a9194a8906e6f4a210063b84b433cf90a569de0c1"},
    {url = "https://files.pythonhosted.org/packages/c4/d2/6118efdb9fdaf3d4dfecc0276d4d47a1ef9aaf9903fa49f1ece765d917cb/pydantic-1.9.1-cp39-cp39-manylinux_2_5_i686.manylinux1_i686.manylinux_2_17_i686.manylinux2014_i686.whl", hash = "sha256:7eb57ba90929bac0b6cc2af2373893d80ac559adda6933e562dcfb375029acee"},
    {url = "https://files.pythonhosted.org/packages/c6/a1/e71646590e474c0b590ed1d8015e03a942cb02bc78709db80b07a2976268/pydantic-1.9.1-cp36-cp36m-manylinux_2_5_i686.manylinux1_i686.manylinux_2_17_i686.manylinux2014_i686.whl", hash = "sha256:059b6c1795170809103a1538255883e1983e5b831faea6558ef873d4955b4a74"},
    {url = "https://files.pythonhosted.org/packages/c7/26/f5d5c0e9d3bca2c720a70b3280299dd76861b1938862cd4425d7d7e88396/pydantic-1.9.1-cp38-cp38-musllinux_1_1_x86_64.whl", hash = "sha256:fe4670cb32ea98ffbf5a1262f14c3e102cccd92b1869df3bb09538158ba90fe6"},
    {url = "https://files.pythonhosted.org/packages/d0/a5/e4a25a0becf35530a3d90459a88855743e942f2e502da49ca5b10aa78568/pydantic-1.9.1.tar.gz", hash = "sha256:1ed987c3ff29fff7fd8c3ea3a3ea877ad310aae2ef9889a119e22d3f2db0691a"},
    {url = "https://files.pythonhosted.org/packages/dc/e4/06e4a32426e6368e510cdab4bd3ebbace7ad7b94a5a2354cb4536c7a4bf4/pydantic-1.9.1-cp36-cp36m-win_amd64.whl", hash = "sha256:79b485767c13788ee314669008d01f9ef3bc05db9ea3298f6a50d3ef596a154b"},
    {url = "https://files.pythonhosted.org/packages/de/0a/bd6eb16c07eba6aad5e543985995e2cbdc4925ccffc2f9491482f9101c0e/pydantic-1.9.1-cp38-cp38-manylinux_2_17_x86_64.manylinux2014_x86_64.whl", hash = "sha256:5d93d4e95eacd313d2c765ebe40d49ca9dd2ed90e5b37d0d421c597af830c195"},
    {url = "https://files.pythonhosted.org/packages/df/c9/7ea0a065d96a200f008021f28149f16b6d99c30d04461c562061d6a73ce8/pydantic-1.9.1-cp38-cp38-manylinux_2_5_i686.manylinux1_i686.manylinux_2_17_i686.manylinux2014_i686.whl", hash = "sha256:1542636a39c4892c4f4fa6270696902acb186a9aaeac6f6cf92ce6ae2e88564b"},
    {url = "https://files.pythonhosted.org/packages/e4/67/5ca471ba5dfddc309fcc0bd262a485facbd78a003513800a332fd01ce165/pydantic-1.9.1-cp310-cp310-manylinux_2_5_i686.manylinux1_i686.manylinux_2_17_i686.manylinux2014_i686.whl", hash = "sha256:c11951b404e08b01b151222a1cb1a9f0a860a8153ce8334149ab9199cd198131"},
    {url = "https://files.pythonhosted.org/packages/ea/3a/6b451f0ddb374e6a23642554ee3a357029d718083e084b3c9e6ea9b8119a/pydantic-1.9.1-cp37-cp37m-musllinux_1_1_i686.whl", hash = "sha256:177071dfc0df6248fd22b43036f936cfe2508077a72af0933d0c1fa269b18537"},
    {url = "https://files.pythonhosted.org/packages/ed/30/cc6081090e0653b8bfeac45b5973027771050813c4ac167a277f4f355242/pydantic-1.9.1-cp39-cp39-macosx_11_0_arm64.whl", hash = "sha256:1dd8fecbad028cd89d04a46688d2fcc14423e8a196d5b0a5c65105664901f810"},
    {url = "https://files.pythonhosted.org/packages/f1/ea/1b879b2b30c4e041bce20f3baf785a640f93ae4146d5258dff5661d0bebf/pydantic-1.9.1-cp37-cp37m-manylinux_2_17_x86_64.manylinux2014_x86_64.whl", hash = "sha256:f0f047e11febe5c3198ed346b507e1d010330d56ad615a7e0a89fae604065a0e"},
    {url = "https://files.pythonhosted.org/packages/f3/88/78666bfe38d3a8aee75fbd2410ac6e26dfdd64585323c07648f387817c76/pydantic-1.9.1-py3-none-any.whl", hash = "sha256:4988c0f13c42bfa9ddd2fe2f569c9d54646ce84adc5de84228cfe83396f3bd58"},
]
"requests 2.28.1" = [
    {url = "https://files.pythonhosted.org/packages/a5/61/a867851fd5ab77277495a8709ddda0861b28163c4613b011bc00228cc724/requests-2.28.1.tar.gz", hash = "sha256:7c5599b102feddaa661c826c56ab4fee28bfd17f5abca1ebbe3e7f19d7c97983"},
    {url = "https://files.pythonhosted.org/packages/ca/91/6d9b8ccacd0412c08820f72cebaa4f0c0441b5cda699c90f618b6f8a1b42/requests-2.28.1-py3-none-any.whl", hash = "sha256:8fefa2a1a1365bf5520aac41836fbee479da67864514bdb821f31ce07ce65349"},
]
"sniffio 1.2.0" = [
    {url = "https://files.pythonhosted.org/packages/52/b0/7b2e028b63d092804b6794595871f936aafa5e9322dcaaad50ebf67445b3/sniffio-1.2.0-py3-none-any.whl", hash = "sha256:471b71698eac1c2112a40ce2752bb2f4a4814c22a54a3eed3676bc0f5ca9f663"},
    {url = "https://files.pythonhosted.org/packages/a6/ae/44ed7978bcb1f6337a3e2bef19c941de750d73243fc9389140d62853b686/sniffio-1.2.0.tar.gz", hash = "sha256:c4666eecec1d3f50960c6bdf61ab7bc350648da6c126e3cf6898d8cd4ddcd3de"},
]
"starlette 0.19.1" = [
    {url = "https://files.pythonhosted.org/packages/2b/18/405f4fb59119b8efa203c10a04a32a927976b5450cf649c8b4c9d079d21e/starlette-0.19.1.tar.gz", hash = "sha256:c6d21096774ecb9639acad41b86b7706e52ba3bf1dc13ea4ed9ad593d47e24c7"},
    {url = "https://files.pythonhosted.org/packages/f1/9d/1fa96008b302dd3e398f89f3fc5afb19fb0b0f341fefa05c65b3a38d64cf/starlette-0.19.1-py3-none-any.whl", hash = "sha256:5a60c5c2d051f3a8eb546136aa0c9399773a689595e099e0877704d5888279bf"},
]
"typing-extensions 4.3.0" = [
    {url = "https://files.pythonhosted.org/packages/9e/1d/d128169ff58c501059330f1ad96ed62b79114a2eb30b8238af63a2e27f70/typing_extensions-4.3.0.tar.gz", hash = "sha256:e6d2677a32f47fc7eb2795db1dd15c1f34eff616bcaf2cfb5e997f854fa1c4a6"},
    {url = "https://files.pythonhosted.org/packages/ed/d6/2afc375a8d55b8be879d6b4986d4f69f01115e795e36827fd3a40166028b/typing_extensions-4.3.0-py3-none-any.whl", hash = "sha256:25642c956049920a5aa49edcdd6ab1e06d7e5d467fc00e0506c44ac86fbfca02"},
]
"urllib3 1.26.11" = [
    {url = "https://files.pythonhosted.org/packages/6d/d5/e8258b334c9eb8eb78e31be92ea0d5da83ddd9385dc967dd92737604d239/urllib3-1.26.11.tar.gz", hash = "sha256:ea6e8fb210b19d950fab93b60c9009226c63a28808bc8386e05301e25883ac0a"},
    {url = "https://files.pythonhosted.org/packages/d1/cb/4783c8f1a90f89e260dbf72ebbcf25931f3a28f8f80e2e90f8a589941b19/urllib3-1.26.11-py2.py3-none-any.whl", hash = "sha256:c33ccba33c819596124764c23a97d25f32b28433ba0dedeb77d873a38722c9bc"},
]
"uvicorn 0.18.2" = [
    {url = "https://files.pythonhosted.org/packages/12/d0/d998e0b558fd5808a4fdb48e906e6f57a4fda2177fa11ba2a9d16248ce92/uvicorn-0.18.2-py3-none-any.whl", hash = "sha256:c19a057deb1c5bb060946e2e5c262fc01590c6529c0af2c3d9ce941e89bc30e0"},
    {url = "https://files.pythonhosted.org/packages/c1/ec/23abd850aa173e35b0436f46a3385585b131ee0e70a55c408d89cade30a1/uvicorn-0.18.2.tar.gz", hash = "sha256:cade07c403c397f9fe275492a48c1b869efd175d5d8a692df649e6e7e2ed8f4e"},
]
